
Microsoft Visual Studio Solution File, Format Version 12.00
# Visual Studio Version 17
VisualStudioVersion = 17.8.34330.188
MinimumVisualStudioVersion = 10.0.40219.1
Project("{FAE04EC0-301F-11D3-BF4B-00C04F79EFBC}") = "GraphRogue", "GraphRogue.csproj", "{BCA22EAE-24BA-45B0-B493-A61BB006C200}"
EndProject
Global
	GlobalSection(SolutionConfigurationPlatforms) = preSolution
		Debug|Any CPU = Debug|Any CPU
		Release|Any CPU = Release|Any CPU
	EndGlobalSection
	GlobalSection(ProjectConfigurationPlatforms) = postSolution
		{BCA22EAE-24BA-45B0-B493-A61BB006C200}.Debug|Any CPU.ActiveCfg = Debug|Any CPU
		{BCA22EAE-24BA-45B0-B493-A61BB006C200}.Debug|Any CPU.Build.0 = Debug|Any CPU
		{BCA22EAE-24BA-45B0-B493-A61BB006C200}.Release|Any CPU.ActiveCfg = Release|Any CPU
		{BCA22EAE-24BA-45B0-B493-A61BB006C200}.Release|Any CPU.Build.0 = Release|Any CPU
	EndGlobalSection
	GlobalSection(SolutionProperties) = preSolution
		HideSolutionNode = FALSE
	EndGlobalSection
	GlobalSection(ExtensibilityGlobals) = postSolution
		SolutionGuid = {C149C09C-FC93-4598-9538-757F9B7A718F}
	EndGlobalSection
EndGlobal
